
Microsoft Visual Studio Solution File, Format Version 12.00
# Visual Studio 15
VisualStudioVersion = 15.0.28307.168
MinimumVisualStudioVersion = 10.0.40219.1
Project("{9A19103F-16F7-4668-BE54-9A1E7A4F7556}") = "PTDX.TypeDescription", "PTDX.TypeDescription\PTDX.TypeDescription.csproj", "{D44D57AB-FC9F-4001-926C-1704CA01AFBB}"
EndProject
Project("{FAE04EC0-301F-11D3-BF4B-00C04F79EFBC}") = "PTDX.TypeDescription.Autofac", "PTDX.TypeDescription.Autofac\PTDX.TypeDescription.Autofac.csproj", "{1B2988B6-E193-4AC5-B11E-1D58FE383230}"
EndProject
Global
	GlobalSection(SolutionConfigurationPlatforms) = preSolution
		Debug|Any CPU = Debug|Any CPU
		Release|Any CPU = Release|Any CPU
	EndGlobalSection
	GlobalSection(ProjectConfigurationPlatforms) = postSolution
		{D44D57AB-FC9F-4001-926C-1704CA01AFBB}.Debug|Any CPU.ActiveCfg = Debug|Any CPU
		{D44D57AB-FC9F-4001-926C-1704CA01AFBB}.Debug|Any CPU.Build.0 = Debug|Any CPU
		{D44D57AB-FC9F-4001-926C-1704CA01AFBB}.Release|Any CPU.ActiveCfg = Release|Any CPU
		{D44D57AB-FC9F-4001-926C-1704CA01AFBB}.Release|Any CPU.Build.0 = Release|Any CPU
		{1B2988B6-E193-4AC5-B11E-1D58FE383230}.Debug|Any CPU.ActiveCfg = Debug|Any CPU
		{1B2988B6-E193-4AC5-B11E-1D58FE383230}.Debug|Any CPU.Build.0 = Debug|Any CPU
		{1B2988B6-E193-4AC5-B11E-1D58FE383230}.Release|Any CPU.ActiveCfg = Release|Any CPU
		{1B2988B6-E193-4AC5-B11E-1D58FE383230}.Release|Any CPU.Build.0 = Release|Any CPU
	EndGlobalSection
	GlobalSection(SolutionProperties) = preSolution
		HideSolutionNode = FALSE
	EndGlobalSection
	GlobalSection(ExtensibilityGlobals) = postSolution
		SolutionGuid = {EACF881B-0DD6-4435-980D-82237594AEC2}
	EndGlobalSection
EndGlobal
